
Microsoft Visual Studio Solution File, Format Version 12.00
# Visual Studio Version 16
VisualStudioVersion = 16.0.30114.105
MinimumVisualStudioVersion = 10.0.40219.1
Project("{FAE04EC0-301F-11D3-BF4B-00C04F79EFBC}") = "Lands.Android", "Lands\Lands.Android\Lands.Android.csproj", "{7107D811-72B8-4360-9C57-B156986E22B8}"
EndProject
Project("{FAE04EC0-301F-11D3-BF4B-00C04F79EFBC}") = "Lands.iOS", "Lands\Lands.iOS\Lands.iOS.csproj", "{59460E32-8577-4372-B8B0-A20B4E361AC0}"
EndProject
Project("{FAE04EC0-301F-11D3-BF4B-00C04F79EFBC}") = "Lands", "Lands\Lands\Lands.csproj", "{DE7EAC26-9F25-4269-95C8-F4845ED74380}"
EndProject
Global
	GlobalSection(SolutionConfigurationPlatforms) = preSolution
		Debug|Any CPU = Debug|Any CPU
		Debug|iPhone = Debug|iPhone
		Debug|iPhoneSimulator = Debug|iPhoneSimulator
		Release|Any CPU = Release|Any CPU
		Release|iPhone = Release|iPhone
		Release|iPhoneSimulator = Release|iPhoneSimulator
	EndGlobalSection
	GlobalSection(ProjectConfigurationPlatforms) = postSolution
		{7107D811-72B8-4360-9C57-B156986E22B8}.Debug|Any CPU.ActiveCfg = Debug|Any CPU
		{7107D811-72B8-4360-9C57-B156986E22B8}.Debug|Any CPU.Build.0 = Debug|Any CPU
		{7107D811-72B8-4360-9C57-B156986E22B8}.Debug|Any CPU.Deploy.0 = Debug|Any CPU
		{7107D811-72B8-4360-9C57-B156986E22B8}.Debug|iPhone.ActiveCfg = Debug|Any CPU
		{7107D811-72B8-4360-9C57-B156986E22B8}.Debug|iPhone.Build.0 = Debug|Any CPU
		{7107D811-72B8-4360-9C57-B156986E22B8}.Debug|iPhone.Deploy.0 = Debug|Any CPU
		{7107D811-72B8-4360-9C57-B156986E22B8}.Debug|iPhoneSimulator.ActiveCfg = Debug|Any CPU
		{7107D811-72B8-4360-9C57-B156986E22B8}.Debug|iPhoneSimulator.Build.0 = Debug|Any CPU
		{7107D811-72B8-4360-9C57-B156986E22B8}.Debug|iPhoneSimulator.Deploy.0 = Debug|Any CPU
		{7107D811-72B8-4360-9C57-B156986E22B8}.Release|Any CPU.ActiveCfg = Release|Any CPU
		{7107D811-72B8-4360-9C57-B156986E22B8}.Release|Any CPU.Build.0 = Release|Any CPU
		{7107D811-72B8-4360-9C57-B156986E22B8}.Release|Any CPU.Deploy.0 = Release|Any CPU
		{7107D811-72B8-4360-9C57-B156986E22B8}.Release|iPhone.ActiveCfg = Release|Any CPU
		{7107D811-72B8-4360-9C57-B156986E22B8}.Release|iPhone.Build.0 = Release|Any CPU
		{7107D811-72B8-4360-9C57-B156986E22B8}.Release|iPhone.Deploy.0 = Release|Any CPU
		{7107D811-72B8-4360-9C57-B156986E22B8}.Release|iPhoneSimulator.ActiveCfg = Release|Any CPU
		{7107D811-72B8-4360-9C57-B156986E22B8}.Release|iPhoneSimulator.Build.0 = Release|Any CPU
		{7107D811-72B8-4360-9C57-B156986E22B8}.Release|iPhoneSimulator.Deploy.0 = Release|Any CPU
		{59460E32-8577-4372-B8B0-A20B4E361AC0}.Debug|Any CPU.ActiveCfg = Debug|iPhone
		{59460E32-8577-4372-B8B0-A20B4E361AC0}.Debug|Any CPU.Build.0 = Debug|iPhone
		{59460E32-8577-4372-B8B0-A20B4E361AC0}.Debug|Any CPU.Deploy.0 = Debug|iPhone
		{59460E32-8577-4372-B8B0-A20B4E361AC0}.Debug|iPhone.ActiveCfg = Debug|iPhone
		{59460E32-8577-4372-B8B0-A20B4E361AC0}.Debug|iPhone.Build.0 = Debug|iPhone
		{59460E32-8577-4372-B8B0-A20B4E361AC0}.Debug|iPhone.Deploy.0 = Debug|iPhone
		{59460E32-8577-4372-B8B0-A20B4E361AC0}.Debug|iPhoneSimulator.ActiveCfg = Debug|iPhoneSimulator
		{59460E32-8577-4372-B8B0-A20B4E361AC0}.Debug|iPhoneSimulator.Build.0 = Debug|iPhoneSimulator
		{59460E32-8577-4372-B8B0-A20B4E361AC0}.Debug|iPhoneSimulator.Deploy.0 = Debug|iPhoneSimulator
		{59460E32-8577-4372-B8B0-A20B4E361AC0}.Release|Any CPU.ActiveCfg = Release|iPhone
		{59460E32-8577-4372-B8B0-A20B4E361AC0}.Release|Any CPU.Build.0 = Release|iPhone
		{59460E32-8577-4372-B8B0-A20B4E361AC0}.Release|Any CPU.Deploy.0 = Release|iPhone
		{59460E32-8577-4372-B8B0-A20B4E361AC0}.Release|iPhone.ActiveCfg = Release|iPhone
		{59460E32-8577-4372-B8B0-A20B4E361AC0}.Release|iPhone.Build.0 = Release|iPhone
		{59460E32-8577-4372-B8B0-A20B4E361AC0}.Release|iPhone.Deploy.0 = Release|iPhone
		{59460E32-8577-4372-B8B0-A20B4E361AC0}.Release|iPhoneSimulator.ActiveCfg = Release|iPhoneSimulator
		{59460E32-8577-4372-B8B0-A20B4E361AC0}.Release|iPhoneSimulator.Build.0 = Release|iPhoneSimulator
		{59460E32-8577-4372-B8B0-A20B4E361AC0}.Release|iPhoneSimulator.Deploy.0 = Release|iPhoneSimulator
		{DE7EAC26-9F25-4269-95C8-F4845ED74380}.Debug|Any CPU.ActiveCfg = Debug|Any CPU
		{DE7EAC26-9F25-4269-95C8-F4845ED74380}.Debug|Any CPU.Build.0 = Debug|Any CPU
		{DE7EAC26-9F25-4269-95C8-F4845ED74380}.Debug|Any CPU.Deploy.0 = Debug|Any CPU
		{DE7EAC26-9F25-4269-95C8-F4845ED74380}.Debug|iPhone.ActiveCfg = Debug|Any CPU
		{DE7EAC26-9F25-4269-95C8-F4845ED74380}.Debug|iPhone.Build.0 = Debug|Any CPU
		{DE7EAC26-9F25-4269-95C8-F4845ED74380}.Debug|iPhone.Deploy.0 = Debug|Any CPU
		{DE7EAC26-9F25-4269-95C8-F4845ED74380}.Debug|iPhoneSimulator.ActiveCfg = Debug|Any CPU
		{DE7EAC26-9F25-4269-95C8-F4845ED74380}.Debug|iPhoneSimulator.Build.0 = Debug|Any CPU
		{DE7EAC26-9F25-4269-95C8-F4845ED74380}.Debug|iPhoneSimulator.Deploy.0 = Debug|Any CPU
		{DE7EAC26-9F25-4269-95C8-F4845ED74380}.Release|Any CPU.ActiveCfg = Release|Any CPU
		{DE7EAC26-9F25-4269-95C8-F4845ED74380}.Release|Any CPU.Build.0 = Release|Any CPU
		{DE7EAC26-9F25-4269-95C8-F4845ED74380}.Release|Any CPU.Deploy.0 = Release|Any CPU
		{DE7EAC26-9F25-4269-95C8-F4845ED74380}.Release|iPhone.ActiveCfg = Release|Any CPU
		{DE7EAC26-9F25-4269-95C8-F4845ED74380}.Release|iPhone.Build.0 = Release|Any CPU
		{DE7EAC26-9F25-4269-95C8-F4845ED74380}.Release|iPhone.Deploy.0 = Release|Any CPU
		{DE7EAC26-9F25-4269-95C8-F4845ED74380}.Release|iPhoneSimulator.ActiveCfg = Release|Any CPU
		{DE7EAC26-9F25-4269-95C8-F4845ED74380}.Release|iPhoneSimulator.Build.0 = Release|Any CPU
		{DE7EAC26-9F25-4269-95C8-F4845ED74380}.Release|iPhoneSimulator.Deploy.0 = Release|Any CPU
	EndGlobalSection
	GlobalSection(SolutionProperties) = preSolution
		HideSolutionNode = FALSE
	EndGlobalSection
	GlobalSection(ExtensibilityGlobals) = postSolution
		SolutionGuid = {1F67E3D0-7BA3-4F80-944D-0E0213AF87E2}
	EndGlobalSection
EndGlobal
